
Microsoft Visual Studio Solution File, Format Version 12.00
# Visual Studio 14
VisualStudioVersion = 14.0.25123.0
MinimumVisualStudioVersion = 10.0.40219.1
Project("{FAE04EC0-301F-11D3-BF4B-00C04F79EFBC}") = "Theia.Core", "Theia.Core\Theia.Core.csproj", "{94C56350-CD0B-4D8B-A887-E35332DEDBB9}"
EndProject
Project("{FAE04EC0-301F-11D3-BF4B-00C04F79EFBC}") = "Theia.Services", "Theia.Services\Theia.Services.csproj", "{C32FF30E-5B64-4A39-8ED2-71B9078499B4}"
EndProject
Project("{FAE04EC0-301F-11D3-BF4B-00C04F79EFBC}") = "Theia.Common", "Theia.Common\Theia.Common.csproj", "{4F0AFAAF-D921-4264-8657-6C2219FDADA7}"
EndProject
Project("{2150E333-8FDC-42A3-9474-1A3956D46DE8}") = "Core", "Core", "{188C44C9-C9E7-4F09-93DA-76B6238BABF2}"
EndProject
Project("{2150E333-8FDC-42A3-9474-1A3956D46DE8}") = "Common", "Common", "{F98E01BB-765D-4FE3-92F1-DA98F1723FFA}"
EndProject
Project("{FAE04EC0-301F-11D3-BF4B-00C04F79EFBC}") = "Theia.Api", "Theia.Api\Theia.Api.csproj", "{B0987521-819E-441A-8CBA-BC3DBA260A0B}"
EndProject
Project("{2150E333-8FDC-42A3-9474-1A3956D46DE8}") = "Web", "Web", "{26B83E32-40D2-4496-931E-43AB35673202}"
EndProject
Project("{2150E333-8FDC-42A3-9474-1A3956D46DE8}") = "Infrastructure", "Infrastructure", "{C637CA8F-BB3A-432B-944C-359D5B869392}"
EndProject
Project("{FAE04EC0-301F-11D3-BF4B-00C04F79EFBC}") = "Theia.Infrastructure", "Theia.Infrastructure\Theia.Infrastructure.csproj", "{EA8B8460-4F3F-4527-9D24-28963FC4D3A5}"
EndProject
Global
	GlobalSection(SolutionConfigurationPlatforms) = preSolution
		Debug|Any CPU = Debug|Any CPU
		Release|Any CPU = Release|Any CPU
	EndGlobalSection
	GlobalSection(ProjectConfigurationPlatforms) = postSolution
		{94C56350-CD0B-4D8B-A887-E35332DEDBB9}.Debug|Any CPU.ActiveCfg = Debug|Any CPU
		{94C56350-CD0B-4D8B-A887-E35332DEDBB9}.Debug|Any CPU.Build.0 = Debug|Any CPU
		{94C56350-CD0B-4D8B-A887-E35332DEDBB9}.Release|Any CPU.ActiveCfg = Release|Any CPU
		{94C56350-CD0B-4D8B-A887-E35332DEDBB9}.Release|Any CPU.Build.0 = Release|Any CPU
		{C32FF30E-5B64-4A39-8ED2-71B9078499B4}.Debug|Any CPU.ActiveCfg = Debug|Any CPU
		{C32FF30E-5B64-4A39-8ED2-71B9078499B4}.Debug|Any CPU.Build.0 = Debug|Any CPU
		{C32FF30E-5B64-4A39-8ED2-71B9078499B4}.Release|Any CPU.ActiveCfg = Release|Any CPU
		{C32FF30E-5B64-4A39-8ED2-71B9078499B4}.Release|Any CPU.Build.0 = Release|Any CPU
		{4F0AFAAF-D921-4264-8657-6C2219FDADA7}.Debug|Any CPU.ActiveCfg = Debug|Any CPU
		{4F0AFAAF-D921-4264-8657-6C2219FDADA7}.Debug|Any CPU.Build.0 = Debug|Any CPU
		{4F0AFAAF-D921-4264-8657-6C2219FDADA7}.Release|Any CPU.ActiveCfg = Release|Any CPU
		{4F0AFAAF-D921-4264-8657-6C2219FDADA7}.Release|Any CPU.Build.0 = Release|Any CPU
		{B0987521-819E-441A-8CBA-BC3DBA260A0B}.Debug|Any CPU.ActiveCfg = Debug|Any CPU
		{B0987521-819E-441A-8CBA-BC3DBA260A0B}.Debug|Any CPU.Build.0 = Debug|Any CPU
		{B0987521-819E-441A-8CBA-BC3DBA260A0B}.Release|Any CPU.ActiveCfg = Release|Any CPU
		{B0987521-819E-441A-8CBA-BC3DBA260A0B}.Release|Any CPU.Build.0 = Release|Any CPU
		{EA8B8460-4F3F-4527-9D24-28963FC4D3A5}.Debug|Any CPU.ActiveCfg = Debug|Any CPU
		{EA8B8460-4F3F-4527-9D24-28963FC4D3A5}.Debug|Any CPU.Build.0 = Debug|Any CPU
		{EA8B8460-4F3F-4527-9D24-28963FC4D3A5}.Release|Any CPU.ActiveCfg = Release|Any CPU
		{EA8B8460-4F3F-4527-9D24-28963FC4D3A5}.Release|Any CPU.Build.0 = Release|Any CPU
	EndGlobalSection
	GlobalSection(SolutionProperties) = preSolution
		HideSolutionNode = FALSE
	EndGlobalSection
	GlobalSection(NestedProjects) = preSolution
		{94C56350-CD0B-4D8B-A887-E35332DEDBB9} = {188C44C9-C9E7-4F09-93DA-76B6238BABF2}
		{C32FF30E-5B64-4A39-8ED2-71B9078499B4} = {188C44C9-C9E7-4F09-93DA-76B6238BABF2}
		{4F0AFAAF-D921-4264-8657-6C2219FDADA7} = {F98E01BB-765D-4FE3-92F1-DA98F1723FFA}
		{B0987521-819E-441A-8CBA-BC3DBA260A0B} = {26B83E32-40D2-4496-931E-43AB35673202}
		{EA8B8460-4F3F-4527-9D24-28963FC4D3A5} = {C637CA8F-BB3A-432B-944C-359D5B869392}
	EndGlobalSection
EndGlobal
